
Microsoft Visual Studio Solution File, Format Version 12.00
# Visual Studio 15
VisualStudioVersion = 15.0.26730.10
MinimumVisualStudioVersion = 10.0.40219.1
Project("{FAE04EC0-301F-11D3-BF4B-00C04F79EFBC}") = "UndoFunctionality", "UndoFunctionality\UndoFunctionality.csproj", "{D781A24E-AD89-424B-AE33-87F4AECC1EB1}"
EndProject
Global
	GlobalSection(SolutionConfigurationPlatforms) = preSolution
		Debug|Any CPU = Debug|Any CPU
		Release|Any CPU = Release|Any CPU
	EndGlobalSection
	GlobalSection(ProjectConfigurationPlatforms) = postSolution
		{D781A24E-AD89-424B-AE33-87F4AECC1EB1}.Debug|Any CPU.ActiveCfg = Debug|Any CPU
		{D781A24E-AD89-424B-AE33-87F4AECC1EB1}.Debug|Any CPU.Build.0 = Debug|Any CPU
		{D781A24E-AD89-424B-AE33-87F4AECC1EB1}.Release|Any CPU.ActiveCfg = Release|Any CPU
		{D781A24E-AD89-424B-AE33-87F4AECC1EB1}.Release|Any CPU.Build.0 = Release|Any CPU
	EndGlobalSection
	GlobalSection(SolutionProperties) = preSolution
		HideSolutionNode = FALSE
	EndGlobalSection
	GlobalSection(ExtensibilityGlobals) = postSolution
		SolutionGuid = {9F3B8690-6502-4173-80E1-B7D3F8D8F83C}
	EndGlobalSection
EndGlobal
